# adm.lock — namespace:name:hash:version [source=... publisher=... permissions=a,b foreign=yes]; written by adm install / adm get
admlang:adm.interop.js:37749c104b9c261ef9b85e419c0177988d2f5fd79b5970953ca6f924f85d2809:0.1.0 source=registry:public publisher=admpub_6o5bluqytd5ygnvhsjvppxaigoqqu6qh5ljixetzihnaide3u33a permissions= foreign=yes
